
Microsoft Visual Studio Solution File, Format Version 12.00
# Visual Studio Version 17
VisualStudioVersion = 17.0.32112.339
MinimumVisualStudioVersion = 10.0.40219.1
Project("{FAE04EC0-301F-11D3-BF4B-00C04F79EFBC}") = "Calculadora_IMC", "Calculadora_IMC.csproj", "{BD8A9912-F125-4731-A784-8F3B41CF42FA}"
EndProject
Project("{FAE04EC0-301F-11D3-BF4B-00C04F79EFBC}") = "TesteIMC_MSTeste", "..\Teste_MSTeste_Calculadora\TesteIMC_MSTeste.csproj", "{2F0EDFE5-B740-402D-81B8-8E8837F22741}"
EndProject
Project("{FAE04EC0-301F-11D3-BF4B-00C04F79EFBC}") = "TesteIMC_XUnit", "..\TesteIMC_XUnit\TesteIMC_XUnit.csproj", "{4190DA71-CC05-498A-8AD6-397E84D8A7F4}"
EndProject
Global
	GlobalSection(SolutionConfigurationPlatforms) = preSolution
		Debug|Any CPU = Debug|Any CPU
		Release|Any CPU = Release|Any CPU
	EndGlobalSection
	GlobalSection(ProjectConfigurationPlatforms) = postSolution
		{BD8A9912-F125-4731-A784-8F3B41CF42FA}.Debug|Any CPU.ActiveCfg = Debug|Any CPU
		{BD8A9912-F125-4731-A784-8F3B41CF42FA}.Debug|Any CPU.Build.0 = Debug|Any CPU
		{BD8A9912-F125-4731-A784-8F3B41CF42FA}.Release|Any CPU.ActiveCfg = Release|Any CPU
		{BD8A9912-F125-4731-A784-8F3B41CF42FA}.Release|Any CPU.Build.0 = Release|Any CPU
		{2F0EDFE5-B740-402D-81B8-8E8837F22741}.Debug|Any CPU.ActiveCfg = Debug|Any CPU
		{2F0EDFE5-B740-402D-81B8-8E8837F22741}.Debug|Any CPU.Build.0 = Debug|Any CPU
		{2F0EDFE5-B740-402D-81B8-8E8837F22741}.Release|Any CPU.ActiveCfg = Release|Any CPU
		{2F0EDFE5-B740-402D-81B8-8E8837F22741}.Release|Any CPU.Build.0 = Release|Any CPU
		{4190DA71-CC05-498A-8AD6-397E84D8A7F4}.Debug|Any CPU.ActiveCfg = Debug|Any CPU
		{4190DA71-CC05-498A-8AD6-397E84D8A7F4}.Debug|Any CPU.Build.0 = Debug|Any CPU
		{4190DA71-CC05-498A-8AD6-397E84D8A7F4}.Release|Any CPU.ActiveCfg = Release|Any CPU
		{4190DA71-CC05-498A-8AD6-397E84D8A7F4}.Release|Any CPU.Build.0 = Release|Any CPU
	EndGlobalSection
	GlobalSection(SolutionProperties) = preSolution
		HideSolutionNode = FALSE
	EndGlobalSection
	GlobalSection(ExtensibilityGlobals) = postSolution
		SolutionGuid = {0DE261BF-A808-4562-AC04-490EB8BAB70C}
	EndGlobalSection
EndGlobal
